
Microsoft Visual Studio Solution File, Format Version 12.00
# Visual Studio Version 16
VisualStudioVersion = 16.0.29728.190
MinimumVisualStudioVersion = 10.0.40219.1
Project("{FAE04EC0-301F-11D3-BF4B-00C04F79EFBC}") = "ConfigManagement", "ConfigManagement\ConfigManagement.csproj", "{D203F3F1-2ABF-4D71-92B1-6B510B801F05}"
EndProject
Global
	GlobalSection(SolutionConfigurationPlatforms) = preSolution
		Debug|Any CPU = Debug|Any CPU
		Release|Any CPU = Release|Any CPU
	EndGlobalSection
	GlobalSection(ProjectConfigurationPlatforms) = postSolution
		{D203F3F1-2ABF-4D71-92B1-6B510B801F05}.Debug|Any CPU.ActiveCfg = Debug|Any CPU
		{D203F3F1-2ABF-4D71-92B1-6B510B801F05}.Debug|Any CPU.Build.0 = Debug|Any CPU
		{D203F3F1-2ABF-4D71-92B1-6B510B801F05}.Release|Any CPU.ActiveCfg = Release|Any CPU
		{D203F3F1-2ABF-4D71-92B1-6B510B801F05}.Release|Any CPU.Build.0 = Release|Any CPU
	EndGlobalSection
	GlobalSection(SolutionProperties) = preSolution
		HideSolutionNode = FALSE
	EndGlobalSection
	GlobalSection(ExtensibilityGlobals) = postSolution
		SolutionGuid = {FD26B216-AFA1-48DE-BC32-C57D1F76864D}
	EndGlobalSection
EndGlobal
